
Microsoft Visual Studio Solution File, Format Version 12.00
# Visual Studio Version 17
VisualStudioVersion = 17.5.33414.496
MinimumVisualStudioVersion = 10.0.40219.1
Project("{FAE04EC0-301F-11D3-BF4B-00C04F79EFBC}") = "SorteioFestival", "SorteioFestival\SorteioFestival.csproj", "{C81E34D8-1D78-4C94-A5FD-129E3FCFE969}"
EndProject
Global
	GlobalSection(SolutionConfigurationPlatforms) = preSolution
		Debug|Any CPU = Debug|Any CPU
		Release|Any CPU = Release|Any CPU
	EndGlobalSection
	GlobalSection(ProjectConfigurationPlatforms) = postSolution
		{C81E34D8-1D78-4C94-A5FD-129E3FCFE969}.Debug|Any CPU.ActiveCfg = Debug|Any CPU
		{C81E34D8-1D78-4C94-A5FD-129E3FCFE969}.Debug|Any CPU.Build.0 = Debug|Any CPU
		{C81E34D8-1D78-4C94-A5FD-129E3FCFE969}.Release|Any CPU.ActiveCfg = Release|Any CPU
		{C81E34D8-1D78-4C94-A5FD-129E3FCFE969}.Release|Any CPU.Build.0 = Release|Any CPU
	EndGlobalSection
	GlobalSection(SolutionProperties) = preSolution
		HideSolutionNode = FALSE
	EndGlobalSection
	GlobalSection(ExtensibilityGlobals) = postSolution
		SolutionGuid = {AFC97255-425A-4894-AFE1-E324094C8648}
	EndGlobalSection
EndGlobal
